
Microsoft Visual Studio Solution File, Format Version 12.00
# Visual Studio 15
VisualStudioVersion = 15.0.27703.2018
MinimumVisualStudioVersion = 10.0.40219.1
Project("{8BC9CEB8-8B4A-11D0-8D11-00A0C91BC942}") = "数字图像处理第二or三次作业（直方图）", "数字图像处理第二or三次作业（直方图）\数字图像处理第二or三次作业（直方图）.vcxproj", "{8114CB7E-3881-455B-B02F-501B975F28FF}"
EndProject
Global
	GlobalSection(SolutionConfigurationPlatforms) = preSolution
		Debug|x64 = Debug|x64
		Debug|x86 = Debug|x86
		Release|x64 = Release|x64
		Release|x86 = Release|x86
	EndGlobalSection
	GlobalSection(ProjectConfigurationPlatforms) = postSolution
		{8114CB7E-3881-455B-B02F-501B975F28FF}.Debug|x64.ActiveCfg = Debug|x64
		{8114CB7E-3881-455B-B02F-501B975F28FF}.Debug|x64.Build.0 = Debug|x64
		{8114CB7E-3881-455B-B02F-501B975F28FF}.Debug|x86.ActiveCfg = Debug|Win32
		{8114CB7E-3881-455B-B02F-501B975F28FF}.Debug|x86.Build.0 = Debug|Win32
		{8114CB7E-3881-455B-B02F-501B975F28FF}.Release|x64.ActiveCfg = Release|x64
		{8114CB7E-3881-455B-B02F-501B975F28FF}.Release|x64.Build.0 = Release|x64
		{8114CB7E-3881-455B-B02F-501B975F28FF}.Release|x86.ActiveCfg = Release|Win32
		{8114CB7E-3881-455B-B02F-501B975F28FF}.Release|x86.Build.0 = Release|Win32
	EndGlobalSection
	GlobalSection(SolutionProperties) = preSolution
		HideSolutionNode = FALSE
	EndGlobalSection
	GlobalSection(ExtensibilityGlobals) = postSolution
		SolutionGuid = {099A7CB0-4A69-4F02-8165-F309DD847EEA}
	EndGlobalSection
EndGlobal
